// !$*UTF8*$!
{
	archiveVersion = 1;
	classes = {
	};
	objectVersion = 46;
	objects = {

/* Begin PBXBuildFile section */
		AA263AA6232B58470CCA7CD7 /* Pods_WalletManager.framework in Frameworks */ = {isa = PBXBuildFile; fileRef = 129151B6ED64BEAD29B31ADE /* Pods_WalletManager.framework */; };
		F419956D1F192B920055E2AA /* ActivityIndicatorOverlay.swift in Sources */ = {isa = PBXBuildFile; fileRef = F419956C1F192B920055E2AA /* ActivityIndicatorOverlay.swift */; };
		F41995711F1938330055E2AA /* SettingsViewController.swift in Sources */ = {isa = PBXBuildFile; fileRef = F41995701F1938330055E2AA /* SettingsViewController.swift */; };
		F41995741F193AEC0055E2AA /* Assets.xcassets in Resources */ = {isa = PBXBuildFile; fileRef = F41995731F193AEC0055E2AA /* Assets.xcassets */; };
		F4212C3F1F3397090040A809 /* LoginTextFieldView.xib in Resources */ = {isa = PBXBuildFile; fileRef = F4212C3E1F3397090040A809 /* LoginTextFieldView.xib */; };
		F422AAE31F311FCF0063B38F /* FirebaseUtils.swift in Sources */ = {isa = PBXBuildFile; fileRef = F422AAE21F311FCF0063B38F /* FirebaseUtils.swift */; };
		F422C4CC1F212BD10085AF63 /* DebugLog.swift in Sources */ = {isa = PBXBuildFile; fileRef = F422C4CB1F212BD10085AF63 /* DebugLog.swift */; };
		F422C4CF1F2133090085AF63 /* WalletManagerUser.swift in Sources */ = {isa = PBXBuildFile; fileRef = F422C4CE1F2133090085AF63 /* WalletManagerUser.swift */; };
		F422C4D11F2139BA0085AF63 /* Constants.swift in Sources */ = {isa = PBXBuildFile; fileRef = F422C4D01F2139BA0085AF63 /* Constants.swift */; };
		F46303201F2228CF00ADBF5A /* GoogleService-Info.plist in Resources */ = {isa = PBXBuildFile; fileRef = F463031F1F2228CF00ADBF5A /* GoogleService-Info.plist */; };
		F4AC7B791F17D22A009E0251 /* AppDelegate.swift in Sources */ = {isa = PBXBuildFile; fileRef = F4AC7B781F17D22A009E0251 /* AppDelegate.swift */; };
		F4AC7B7E1F17D22A009E0251 /* Authentication.storyboard in Resources */ = {isa = PBXBuildFile; fileRef = F4AC7B7C1F17D22A009E0251 /* Authentication.storyboard */; };
		F4AC7B831F17D22A009E0251 /* LaunchScreen.storyboard in Resources */ = {isa = PBXBuildFile; fileRef = F4AC7B811F17D22A009E0251 /* LaunchScreen.storyboard */; };
		F4AC7B8C1F17D3C7009E0251 /* LoginViewController.swift in Sources */ = {isa = PBXBuildFile; fileRef = F4AC7B8B1F17D3C7009E0251 /* LoginViewController.swift */; };
		F4AC7B8F1F17DA02009E0251 /* LoginTextFieldView.swift in Sources */ = {isa = PBXBuildFile; fileRef = F4AC7B8E1F17DA02009E0251 /* LoginTextFieldView.swift */; };
		F4E066C41F190A280057C1E5 /* Extensions.swift in Sources */ = {isa = PBXBuildFile; fileRef = F4E066C31F190A280057C1E5 /* Extensions.swift */; };
		F4E066C91F190D310057C1E5 /* HomeViewController.swift in Sources */ = {isa = PBXBuildFile; fileRef = F4E066C81F190D310057C1E5 /* HomeViewController.swift */; };
		F4E066CB1F190D690057C1E5 /* Main.storyboard in Resources */ = {isa = PBXBuildFile; fileRef = F4E066CA1F190D690057C1E5 /* Main.storyboard */; };
/* End PBXBuildFile section */

/* Begin PBXFileReference section */
		0F445C6D34D09AEC508AF0DE /* Pods-WalletManager.debug.xcconfig */ = {isa = PBXFileReference; includeInIndex = 1; lastKnownFileType = text.xcconfig; name = "Pods-WalletManager.debug.xcconfig"; path = "Pods/Target Support Files/Pods-WalletManager/Pods-WalletManager.debug.xcconfig"; sourceTree = "<group>"; };
		129151B6ED64BEAD29B31ADE /* Pods_WalletManager.framework */ = {isa = PBXFileReference; explicitFileType = wrapper.framework; includeInIndex = 0; path = Pods_WalletManager.framework; sourceTree = BUILT_PRODUCTS_DIR; };
		4AAEB3834051B1F1C0310FEC /* Pods-WalletManager.release.xcconfig */ = {isa = PBXFileReference; includeInIndex = 1; lastKnownFileType = text.xcconfig; name = "Pods-WalletManager.release.xcconfig"; path = "Pods/Target Support Files/Pods-WalletManager/Pods-WalletManager.release.xcconfig"; sourceTree = "<group>"; };
		F419956C1F192B920055E2AA /* ActivityIndicatorOverlay.swift */ = {isa = PBXFileReference; fileEncoding = 4; lastKnownFileType = sourcecode.swift; path = ActivityIndicatorOverlay.swift; sourceTree = "<group>"; };
		F41995701F1938330055E2AA /* SettingsViewController.swift */ = {isa = PBXFileReference; fileEncoding = 4; lastKnownFileType = sourcecode.swift; path = SettingsViewController.swift; sourceTree = "<group>"; };
		F41995731F193AEC0055E2AA /* Assets.xcassets */ = {isa = PBXFileReference; lastKnownFileType = folder.assetcatalog; path = Assets.xcassets; sourceTree = "<group>"; };
		F4212C3E1F3397090040A809 /* LoginTextFieldView.xib */ = {isa = PBXFileReference; fileEncoding = 4; lastKnownFileType = file.xib; path = LoginTextFieldView.xib; sourceTree = "<group>"; };
		F422AAE21F311FCF0063B38F /* FirebaseUtils.swift */ = {isa = PBXFileReference; fileEncoding = 4; lastKnownFileType = sourcecode.swift; path = FirebaseUtils.swift; sourceTree = "<group>"; };
		F422C4CB1F212BD10085AF63 /* DebugLog.swift */ = {isa = PBXFileReference; fileEncoding = 4; lastKnownFileType = sourcecode.swift; path = DebugLog.swift; sourceTree = "<group>"; };
		F422C4CE1F2133090085AF63 /* WalletManagerUser.swift */ = {isa = PBXFileReference; fileEncoding = 4; lastKnownFileType = sourcecode.swift; path = WalletManagerUser.swift; sourceTree = "<group>"; };
		F422C4D01F2139BA0085AF63 /* Constants.swift */ = {isa = PBXFileReference; fileEncoding = 4; lastKnownFileType = sourcecode.swift; path = Constants.swift; sourceTree = "<group>"; };
		F463031F1F2228CF00ADBF5A /* GoogleService-Info.plist */ = {isa = PBXFileReference; fileEncoding = 4; lastKnownFileType = text.plist.xml; path = "GoogleService-Info.plist"; sourceTree = "<group>"; };
		F4AC7B751F17D22A009E0251 /* WalletManager.app */ = {isa = PBXFileReference; explicitFileType = wrapper.application; includeInIndex = 0; path = WalletManager.app; sourceTree = BUILT_PRODUCTS_DIR; };
		F4AC7B781F17D22A009E0251 /* AppDelegate.swift */ = {isa = PBXFileReference; lastKnownFileType = sourcecode.swift; path = AppDelegate.swift; sourceTree = "<group>"; };
		F4AC7B7D1F17D22A009E0251 /* Base */ = {isa = PBXFileReference; lastKnownFileType = file.storyboard; name = Base; path = Base.lproj/Authentication.storyboard; sourceTree = "<group>"; };
		F4AC7B821F17D22A009E0251 /* Base */ = {isa = PBXFileReference; lastKnownFileType = file.storyboard; name = Base; path = Base.lproj/LaunchScreen.storyboard; sourceTree = "<group>"; };
		F4AC7B841F17D22A009E0251 /* Info.plist */ = {isa = PBXFileReference; lastKnownFileType = text.plist.xml; path = Info.plist; sourceTree = "<group>"; };
		F4AC7B8B1F17D3C7009E0251 /* LoginViewController.swift */ = {isa = PBXFileReference; fileEncoding = 4; lastKnownFileType = sourcecode.swift; path = LoginViewController.swift; sourceTree = "<group>"; };
		F4AC7B8E1F17DA02009E0251 /* LoginTextFieldView.swift */ = {isa = PBXFileReference; fileEncoding = 4; lastKnownFileType = sourcecode.swift; path = LoginTextFieldView.swift; sourceTree = "<group>"; };
		F4AC7B921F17E0F1009E0251 /* WalletManager-Bridging-Header.h */ = {isa = PBXFileReference; lastKnownFileType = sourcecode.c.h; path = "WalletManager-Bridging-Header.h"; sourceTree = "<group>"; };
		F4E066C31F190A280057C1E5 /* Extensions.swift */ = {isa = PBXFileReference; fileEncoding = 4; lastKnownFileType = sourcecode.swift; path = Extensions.swift; sourceTree = "<group>"; };
		F4E066C81F190D310057C1E5 /* HomeViewController.swift */ = {isa = PBXFileReference; fileEncoding = 4; lastKnownFileType = sourcecode.swift; path = HomeViewController.swift; sourceTree = "<group>"; };
		F4E066CA1F190D690057C1E5 /* Main.storyboard */ = {isa = PBXFileReference; fileEncoding = 4; lastKnownFileType = file.storyboard; path = Main.storyboard; sourceTree = "<group>"; };
/* End PBXFileReference section */

/* Begin PBXFrameworksBuildPhase section */
		F4AC7B721F17D22A009E0251 /* Frameworks */ = {
			isa = PBXFrameworksBuildPhase;
			buildActionMask = 2147483647;
			files = (
				AA263AA6232B58470CCA7CD7 /* Pods_WalletManager.framework in Frameworks */,
			);
			runOnlyForDeploymentPostprocessing = 0;
		};
/* End PBXFrameworksBuildPhase section */

/* Begin PBXGroup section */
		0014D06C4B19D1A71EC49406 /* Frameworks */ = {
			isa = PBXGroup;
			children = (
				129151B6ED64BEAD29B31ADE /* Pods_WalletManager.framework */,
			);
			name = Frameworks;
			sourceTree = "<group>";
		};
		10F8FB65A4DCBE3A54022501 /* Pods */ = {
			isa = PBXGroup;
			children = (
				0F445C6D34D09AEC508AF0DE /* Pods-WalletManager.debug.xcconfig */,
				4AAEB3834051B1F1C0310FEC /* Pods-WalletManager.release.xcconfig */,
			);
			name = Pods;
			sourceTree = "<group>";
		};
		F41995721F1939170055E2AA /* LaunchScreen */ = {
			isa = PBXGroup;
			children = (
				F4AC7B811F17D22A009E0251 /* LaunchScreen.storyboard */,
			);
			name = LaunchScreen;
			sourceTree = "<group>";
		};
		F4212C3D1F3396B70040A809 /* Login */ = {
			isa = PBXGroup;
			children = (
				F4212C3E1F3397090040A809 /* LoginTextFieldView.xib */,
				F4AC7B8E1F17DA02009E0251 /* LoginTextFieldView.swift */,
			);
			name = Login;
			sourceTree = "<group>";
		};
		F422C4CD1F2132F90085AF63 /* Models */ = {
			isa = PBXGroup;
			children = (
				F422C4CE1F2133090085AF63 /* WalletManagerUser.swift */,
			);
			name = Models;
			sourceTree = "<group>";
		};
		F46303211F2234B300ADBF5A /* UI */ = {
			isa = PBXGroup;
			children = (
				F4212C3D1F3396B70040A809 /* Login */,
				F419956C1F192B920055E2AA /* ActivityIndicatorOverlay.swift */,
			);
			name = UI;
			sourceTree = "<group>";
		};
		F4AC7B6C1F17D22A009E0251 = {
			isa = PBXGroup;
			children = (
				F4AC7B771F17D22A009E0251 /* WalletManager */,
				F4AC7B761F17D22A009E0251 /* Products */,
				10F8FB65A4DCBE3A54022501 /* Pods */,
				0014D06C4B19D1A71EC49406 /* Frameworks */,
			);
			sourceTree = "<group>";
		};
		F4AC7B761F17D22A009E0251 /* Products */ = {
			isa = PBXGroup;
			children = (
				F4AC7B751F17D22A009E0251 /* WalletManager.app */,
			);
			name = Products;
			sourceTree = "<group>";
		};
		F4AC7B771F17D22A009E0251 /* WalletManager */ = {
			isa = PBXGroup;
			children = (
				F4AC7B8A1F17D3AF009E0251 /* Controllers */,
				F422C4CD1F2132F90085AF63 /* Models */,
				F46303211F2234B300ADBF5A /* UI */,
				F4AC7B8D1F17D9F5009E0251 /* Utils */,
				F4AC7B781F17D22A009E0251 /* AppDelegate.swift */,
				F4AC7B841F17D22A009E0251 /* Info.plist */,
				F463031F1F2228CF00ADBF5A /* GoogleService-Info.plist */,
				F4AC7B921F17E0F1009E0251 /* WalletManager-Bridging-Header.h */,
				F41995731F193AEC0055E2AA /* Assets.xcassets */,
			);
			path = WalletManager;
			sourceTree = "<group>";
		};
		F4AC7B8A1F17D3AF009E0251 /* Controllers */ = {
			isa = PBXGroup;
			children = (
				F41995721F1939170055E2AA /* LaunchScreen */,
				F4E066C51F190D0C0057C1E5 /* Login */,
				F4E066C61F190D140057C1E5 /* Main */,
			);
			name = Controllers;
			sourceTree = "<group>";
		};
		F4AC7B8D1F17D9F5009E0251 /* Utils */ = {
			isa = PBXGroup;
			children = (
				F422C4D01F2139BA0085AF63 /* Constants.swift */,
				F422C4CB1F212BD10085AF63 /* DebugLog.swift */,
				F4E066C31F190A280057C1E5 /* Extensions.swift */,
				F422AAE21F311FCF0063B38F /* FirebaseUtils.swift */,
			);
			name = Utils;
			sourceTree = "<group>";
		};
		F4E066C51F190D0C0057C1E5 /* Login */ = {
			isa = PBXGroup;
			children = (
				F4AC7B7C1F17D22A009E0251 /* Authentication.storyboard */,
				F4AC7B8B1F17D3C7009E0251 /* LoginViewController.swift */,
			);
			name = Login;
			sourceTree = "<group>";
		};
		F4E066C61F190D140057C1E5 /* Main */ = {
			isa = PBXGroup;
			children = (
				F4E066CA1F190D690057C1E5 /* Main.storyboard */,
				F4E066C81F190D310057C1E5 /* HomeViewController.swift */,
				F41995701F1938330055E2AA /* SettingsViewController.swift */,
			);
			name = Main;
			sourceTree = "<group>";
		};
/* End PBXGroup section */

/* Begin PBXNativeTarget section */
		F4AC7B741F17D22A009E0251 /* WalletManager */ = {
			isa = PBXNativeTarget;
			buildConfigurationList = F4AC7B871F17D22A009E0251 /* Build configuration list for PBXNativeTarget "WalletManager" */;
			buildPhases = (
				BC3CC41D258C7718CC5830C5 /* [CP] Check Pods Manifest.lock */,
				F4AC7B711F17D22A009E0251 /* Sources */,
				F4AC7B721F17D22A009E0251 /* Frameworks */,
				F4AC7B731F17D22A009E0251 /* Resources */,
				EC7664B3AF3D8BDC45F650E5 /* [CP] Embed Pods Frameworks */,
				68034C9A3D96FF2D117B8EA7 /* [CP] Copy Pods Resources */,
			);
			buildRules = (
			);
			dependencies = (
			);
			name = WalletManager;
			productName = WalletManager;
			productReference = F4AC7B751F17D22A009E0251 /* WalletManager.app */;
			productType = "com.apple.product-type.application";
		};
/* End PBXNativeTarget section */

/* Begin PBXProject section */
		F4AC7B6D1F17D22A009E0251 /* Project object */ = {
			isa = PBXProject;
			attributes = {
				LastSwiftUpdateCheck = 0830;
				LastUpgradeCheck = 0830;
				ORGANIZATIONNAME = "Eric Labaci";
				TargetAttributes = {
					F4AC7B741F17D22A009E0251 = {
						CreatedOnToolsVersion = 8.3.3;
						DevelopmentTeam = 2DB2T6HKRU;
						LastSwiftMigration = 0830;
						ProvisioningStyle = Automatic;
					};
				};
			};
			buildConfigurationList = F4AC7B701F17D22A009E0251 /* Build configuration list for PBXProject "WalletManager" */;
			compatibilityVersion = "Xcode 3.2";
			developmentRegion = English;
			hasScannedForEncodings = 0;
			knownRegions = (
				en,
				Base,
			);
			mainGroup = F4AC7B6C1F17D22A009E0251;
			productRefGroup = F4AC7B761F17D22A009E0251 /* Products */;
			projectDirPath = "";
			projectRoot = "";
			targets = (
				F4AC7B741F17D22A009E0251 /* WalletManager */,
			);
		};
/* End PBXProject section */

/* Begin PBXResourcesBuildPhase section */
		F4AC7B731F17D22A009E0251 /* Resources */ = {
			isa = PBXResourcesBuildPhase;
			buildActionMask = 2147483647;
			files = (
				F4AC7B831F17D22A009E0251 /* LaunchScreen.storyboard in Resources */,
				F4E066CB1F190D690057C1E5 /* Main.storyboard in Resources */,
				F46303201F2228CF00ADBF5A /* GoogleService-Info.plist in Resources */,
				F4AC7B7E1F17D22A009E0251 /* Authentication.storyboard in Resources */,
				F41995741F193AEC0055E2AA /* Assets.xcassets in Resources */,
				F4212C3F1F3397090040A809 /* LoginTextFieldView.xib in Resources */,
			);
			runOnlyForDeploymentPostprocessing = 0;
		};
/* End PBXResourcesBuildPhase section */

/* Begin PBXShellScriptBuildPhase section */
		68034C9A3D96FF2D117B8EA7 /* [CP] Copy Pods Resources */ = {
			isa = PBXShellScriptBuildPhase;
			buildActionMask = 2147483647;
			files = (
			);
			inputPaths = (
			);
			name = "[CP] Copy Pods Resources";
			outputPaths = (
			);
			runOnlyForDeploymentPostprocessing = 0;
			shellPath = /bin/sh;
			shellScript = "\"${SRCROOT}/Pods/Target Support Files/Pods-WalletManager/Pods-WalletManager-resources.sh\"\n";
			showEnvVarsInLog = 0;
		};
		BC3CC41D258C7718CC5830C5 /* [CP] Check Pods Manifest.lock */ = {
			isa = PBXShellScriptBuildPhase;
			buildActionMask = 2147483647;
			files = (
			);
			inputPaths = (
			);
			name = "[CP] Check Pods Manifest.lock";
			outputPaths = (
			);
			runOnlyForDeploymentPostprocessing = 0;
			shellPath = /bin/sh;
			shellScript = "diff \"${PODS_PODFILE_DIR_PATH}/Podfile.lock\" \"${PODS_ROOT}/Manifest.lock\" > /dev/null\nif [ $? != 0 ] ; then\n    # print error to STDERR\n    echo \"error: The sandbox is not in sync with the Podfile.lock. Run 'pod install' or update your CocoaPods installation.\" >&2\n    exit 1\nfi\n";
			showEnvVarsInLog = 0;
		};
		EC7664B3AF3D8BDC45F650E5 /* [CP] Embed Pods Frameworks */ = {
			isa = PBXShellScriptBuildPhase;
			buildActionMask = 2147483647;
			files = (
			);
			inputPaths = (
			);
			name = "[CP] Embed Pods Frameworks";
			outputPaths = (
			);
			runOnlyForDeploymentPostprocessing = 0;
			shellPath = /bin/sh;
			shellScript = "\"${SRCROOT}/Pods/Target Support Files/Pods-WalletManager/Pods-WalletManager-frameworks.sh\"\n";
			showEnvVarsInLog = 0;
		};
/* End PBXShellScriptBuildPhase section */

/* Begin PBXSourcesBuildPhase section */
		F4AC7B711F17D22A009E0251 /* Sources */ = {
			isa = PBXSourcesBuildPhase;
			buildActionMask = 2147483647;
			files = (
				F422AAE31F311FCF0063B38F /* FirebaseUtils.swift in Sources */,
				F4E066C91F190D310057C1E5 /* HomeViewController.swift in Sources */,
				F422C4D11F2139BA0085AF63 /* Constants.swift in Sources */,
				F4AC7B8F1F17DA02009E0251 /* LoginTextFieldView.swift in Sources */,
				F422C4CC1F212BD10085AF63 /* DebugLog.swift in Sources */,
				F41995711F1938330055E2AA /* SettingsViewController.swift in Sources */,
				F4AC7B8C1F17D3C7009E0251 /* LoginViewController.swift in Sources */,
				F4E066C41F190A280057C1E5 /* Extensions.swift in Sources */,
				F4AC7B791F17D22A009E0251 /* AppDelegate.swift in Sources */,
				F419956D1F192B920055E2AA /* ActivityIndicatorOverlay.swift in Sources */,
				F422C4CF1F2133090085AF63 /* WalletManagerUser.swift in Sources */,
			);
			runOnlyForDeploymentPostprocessing = 0;
		};
/* End PBXSourcesBuildPhase section */

/* Begin PBXVariantGroup section */
		F4AC7B7C1F17D22A009E0251 /* Authentication.storyboard */ = {
			isa = PBXVariantGroup;
			children = (
				F4AC7B7D1F17D22A009E0251 /* Base */,
			);
			name = Authentication.storyboard;
			sourceTree = "<group>";
		};
		F4AC7B811F17D22A009E0251 /* LaunchScreen.storyboard */ = {
			isa = PBXVariantGroup;
			children = (
				F4AC7B821F17D22A009E0251 /* Base */,
			);
			name = LaunchScreen.storyboard;
			sourceTree = "<group>";
		};
/* End PBXVariantGroup section */

/* Begin XCBuildConfiguration section */
		F4AC7B851F17D22A009E0251 /* Debug */ = {
			isa = XCBuildConfiguration;
			buildSettings = {
				ALWAYS_SEARCH_USER_PATHS = NO;
				CLANG_ANALYZER_NONNULL = YES;
				CLANG_ANALYZER_NUMBER_OBJECT_CONVERSION = YES_AGGRESSIVE;
				CLANG_CXX_LANGUAGE_STANDARD = "gnu++0x";
				CLANG_CXX_LIBRARY = "libc++";
				CLANG_ENABLE_MODULES = YES;
				CLANG_ENABLE_OBJC_ARC = YES;
				CLANG_WARN_BOOL_CONVERSION = YES;
				CLANG_WARN_CONSTANT_CONVERSION = YES;
				CLANG_WARN_DIRECT_OBJC_ISA_USAGE = YES_ERROR;
				CLANG_WARN_DOCUMENTATION_COMMENTS = YES;
				CLANG_WARN_EMPTY_BODY = YES;
				CLANG_WARN_ENUM_CONVERSION = YES;
				CLANG_WARN_INFINITE_RECURSION = YES;
				CLANG_WARN_INT_CONVERSION = YES;
				CLANG_WARN_OBJC_ROOT_CLASS = YES_ERROR;
				CLANG_WARN_SUSPICIOUS_MOVE = YES;
				CLANG_WARN_UNREACHABLE_CODE = YES;
				CLANG_WARN__DUPLICATE_METHOD_MATCH = YES;
				"CODE_SIGN_IDENTITY[sdk=iphoneos*]" = "iPhone Developer";
				COPY_PHASE_STRIP = NO;
				DEBUG_INFORMATION_FORMAT = dwarf;
				ENABLE_STRICT_OBJC_MSGSEND = YES;
				ENABLE_TESTABILITY = YES;
				GCC_C_LANGUAGE_STANDARD = gnu99;
				GCC_DYNAMIC_NO_PIC = NO;
				GCC_NO_COMMON_BLOCKS = YES;
				GCC_OPTIMIZATION_LEVEL = 0;
				GCC_PREPROCESSOR_DEFINITIONS = (
					"DEBUG=1",
					"$(inherited)",
				);
				GCC_WARN_64_TO_32_BIT_CONVERSION = YES;
				GCC_WARN_ABOUT_RETURN_TYPE = YES_ERROR;
				GCC_WARN_UNDECLARED_SELECTOR = YES;
				GCC_WARN_UNINITIALIZED_AUTOS = YES_AGGRESSIVE;
				GCC_WARN_UNUSED_FUNCTION = YES;
				GCC_WARN_UNUSED_VARIABLE = YES;
				IPHONEOS_DEPLOYMENT_TARGET = 10.3;
				MTL_ENABLE_DEBUG_INFO = YES;
				ONLY_ACTIVE_ARCH = YES;
				SDKROOT = iphoneos;
				SWIFT_ACTIVE_COMPILATION_CONDITIONS = DEBUG;
				SWIFT_OPTIMIZATION_LEVEL = "-Onone";
			};
			name = Debug;
		};
		F4AC7B861F17D22A009E0251 /* Release */ = {
			isa = XCBuildConfiguration;
			buildSettings = {
				ALWAYS_SEARCH_USER_PATHS = NO;
				CLANG_ANALYZER_NONNULL = YES;
				CLANG_ANALYZER_NUMBER_OBJECT_CONVERSION = YES_AGGRESSIVE;
				CLANG_CXX_LANGUAGE_STANDARD = "gnu++0x";
				CLANG_CXX_LIBRARY = "libc++";
				CLANG_ENABLE_MODULES = YES;
				CLANG_ENABLE_OBJC_ARC = YES;
				CLANG_WARN_BOOL_CONVERSION = YES;
				CLANG_WARN_CONSTANT_CONVERSION = YES;
				CLANG_WARN_DIRECT_OBJC_ISA_USAGE = YES_ERROR;
				CLANG_WARN_DOCUMENTATION_COMMENTS = YES;
				CLANG_WARN_EMPTY_BODY = YES;
				CLANG_WARN_ENUM_CONVERSION = YES;
				CLANG_WARN_INFINITE_RECURSION = YES;
				CLANG_WARN_INT_CONVERSION = YES;
				CLANG_WARN_OBJC_ROOT_CLASS = YES_ERROR;
				CLANG_WARN_SUSPICIOUS_MOVE = YES;
				CLANG_WARN_UNREACHABLE_CODE = YES;
				CLANG_WARN__DUPLICATE_METHOD_MATCH = YES;
				"CODE_SIGN_IDENTITY[sdk=iphoneos*]" = "iPhone Developer";
				COPY_PHASE_STRIP = NO;
				DEBUG_INFORMATION_FORMAT = "dwarf-with-dsym";
				ENABLE_NS_ASSERTIONS = NO;
				ENABLE_STRICT_OBJC_MSGSEND = YES;
				GCC_C_LANGUAGE_STANDARD = gnu99;
				GCC_NO_COMMON_BLOCKS = YES;
				GCC_WARN_64_TO_32_BIT_CONVERSION = YES;
				GCC_WARN_ABOUT_RETURN_TYPE = YES_ERROR;
				GCC_WARN_UNDECLARED_SELECTOR = YES;
				GCC_WARN_UNINITIALIZED_AUTOS = YES_AGGRESSIVE;
				GCC_WARN_UNUSED_FUNCTION = YES;
				GCC_WARN_UNUSED_VARIABLE = YES;
				IPHONEOS_DEPLOYMENT_TARGET = 10.3;
				MTL_ENABLE_DEBUG_INFO = NO;
				ONLY_ACTIVE_ARCH = NO;
				SDKROOT = iphoneos;
				SWIFT_OPTIMIZATION_LEVEL = "-Owholemodule";
				VALIDATE_PRODUCT = YES;
			};
			name = Release;
		};
		F4AC7B881F17D22A009E0251 /* Debug */ = {
			isa = XCBuildConfiguration;
			baseConfigurationReference = 0F445C6D34D09AEC508AF0DE /* Pods-WalletManager.debug.xcconfig */;
			buildSettings = {
				ASSETCATALOG_COMPILER_APPICON_NAME = AppIcon;
				CLANG_ENABLE_MODULES = YES;
				DEVELOPMENT_TEAM = 2DB2T6HKRU;
				INFOPLIST_FILE = WalletManager/Info.plist;
				LD_RUNPATH_SEARCH_PATHS = "$(inherited) @executable_path/Frameworks";
				PRODUCT_BUNDLE_IDENTIFIER = "Eric-Labaci.WalletManager";
				PRODUCT_NAME = "$(TARGET_NAME)";
				SWIFT_OBJC_BRIDGING_HEADER = "WalletManager/WalletManager-Bridging-Header.h";
				SWIFT_OPTIMIZATION_LEVEL = "-Onone";
				SWIFT_VERSION = 3.0;
			};
			name = Debug;
		};
		F4AC7B891F17D22A009E0251 /* Release */ = {
			isa = XCBuildConfiguration;
			baseConfigurationReference = 4AAEB3834051B1F1C0310FEC /* Pods-WalletManager.release.xcconfig */;
			buildSettings = {
				ASSETCATALOG_COMPILER_APPICON_NAME = AppIcon;
				CLANG_ENABLE_MODULES = YES;
				DEVELOPMENT_TEAM = 2DB2T6HKRU;
				INFOPLIST_FILE = WalletManager/Info.plist;
				LD_RUNPATH_SEARCH_PATHS = "$(inherited) @executable_path/Frameworks";
				PRODUCT_BUNDLE_IDENTIFIER = "Eric-Labaci.WalletManager";
				PRODUCT_NAME = "$(TARGET_NAME)";
				SWIFT_OBJC_BRIDGING_HEADER = "WalletManager/WalletManager-Bridging-Header.h";
				SWIFT_VERSION = 3.0;
			};
			name = Release;
		};
/* End XCBuildConfiguration section */

/* Begin XCConfigurationList section */
		F4AC7B701F17D22A009E0251 /* Build configuration list for PBXProject "WalletManager" */ = {
			isa = XCConfigurationList;
			buildConfigurations = (
				F4AC7B851F17D22A009E0251 /* Debug */,
				F4AC7B861F17D22A009E0251 /* Release */,
			);
			defaultConfigurationIsVisible = 0;
			defaultConfigurationName = Release;
		};
		F4AC7B871F17D22A009E0251 /* Build configuration list for PBXNativeTarget "WalletManager" */ = {
			isa = XCConfigurationList;
			buildConfigurations = (
				F4AC7B881F17D22A009E0251 /* Debug */,
				F4AC7B891F17D22A009E0251 /* Release */,
			);
			defaultConfigurationIsVisible = 0;
			defaultConfigurationName = Release;
		};
/* End XCConfigurationList section */
	};
	rootObject = F4AC7B6D1F17D22A009E0251 /* Project object */;
}
